{
  "nodes": {
    "nixpkgs": {
      "locked": {
        "lastModified": 1743173229,
        "narHash": "sha256-Gvl+WAcHWJ2+GtIhj4lILAU91s70nqh8j5DYbWCvtBg=",
        "owner": "paveloom",
        "repo": "nixpkgs",
        "rev": "6d0bf283e0651f1411f1e78bfb21f5dd150cdf39",
        "type": "github"
      },
      "original": {
        "owner": "paveloom",
        "ref": "system",
        "repo": "nixpkgs",
        "type": "github"
      }
    },
    "root": {
      "inputs": {
        "nixpkgs": "nixpkgs"
      }
    }
  },
  "root": "root",
  "version": 7
}
