{
  "nodes": {
    "nixpkgs": {
      "locked": {
        "lastModified": 1737282146,
        "narHash": "sha256-1STdEq0yBBTzbrxhwmnkQtX5pYMh0Dwy6chsTrNUKes=",
        "owner": "paveloom",
        "repo": "nixpkgs",
        "rev": "0cbdd6a206dd341c81030ffca3222c9564a555c8",
        "type": "github"
      },
      "original": {
        "owner": "paveloom",
        "ref": "system",
        "repo": "nixpkgs",
        "type": "github"
      }
    },
    "root": {
      "inputs": {
        "nixpkgs": "nixpkgs"
      }
    }
  },
  "root": "root",
  "version": 7
}
