{
  "nodes": {
    "nixpkgs": {
      "locked": {
        "lastModified": 1725033241,
        "narHash": "sha256-GWqNIYlww5h2kc3kn7mmeMYyIXpnHHg3Z6BkdfplP7Q=",
        "owner": "paveloom",
        "repo": "nixpkgs",
        "rev": "d59bcf0e887d23527032e89e137d8d0ee5b5a038",
        "type": "github"
      },
      "original": {
        "owner": "paveloom",
        "ref": "system",
        "repo": "nixpkgs",
        "type": "github"
      }
    },
    "root": {
      "inputs": {
        "nixpkgs": "nixpkgs"
      }
    }
  },
  "root": "root",
  "version": 7
}
